PODS:
  - Downloader (0.0.9):
    - FMDB
  - FBSnapshotTestCase (2.1.0):
    - FBSnapshotTestCase/SwiftSupport (= 2.1.0)
  - FBSnapshotTestCase/Core (2.1.0)
  - FBSnapshotTestCase/SwiftSupport (2.1.0):
    - FBSnapshotTestCase/Core
  - FMDB (2.6.2):
    - FMDB/standard (= 2.6.2)
  - FMDB/standard (2.6.2)

DEPENDENCIES:
  - Downloader (from `../`)
  - FBSnapshotTestCase

EXTERNAL SOURCES:
  Downloader:
    :path: ../

SPEC CHECKSUMS:
  Downloader: 7b0f9064e4fd9cd9a5a32167d91205ad0896a6f7
  FBSnapshotTestCase: 366ecd378511d7716c79991cd8067d1eed23578d
  FMDB: 854a0341b4726e53276f2a8996f06f1b80f9259a

COCOAPODS: 0.39.0
